
Microsoft Visual Studio Solution File, Format Version 12.00
# Visual Studio Version 16
VisualStudioVersion = 16.0.30907.101
MinimumVisualStudioVersion = 10.0.40219.1
Project("{FAE04EC0-301F-11D3-BF4B-00C04F79EFBC}") = "HelloWorld", "HelloWorld.csproj", "{286FE9B8-A5A1-4A63-80C8-F516A00E810C}"
EndProject
Global
	GlobalSection(SolutionConfigurationPlatforms) = preSolution
		Debug|Any CPU = Debug|Any CPU
		Release|Any CPU = Release|Any CPU
	EndGlobalSection
	GlobalSection(ProjectConfigurationPlatforms) = postSolution
		{286FE9B8-A5A1-4A63-80C8-F516A00E810C}.Debug|Any CPU.ActiveCfg = Debug|Any CPU
		{286FE9B8-A5A1-4A63-80C8-F516A00E810C}.Debug|Any CPU.Build.0 = Debug|Any CPU
		{286FE9B8-A5A1-4A63-80C8-F516A00E810C}.Release|Any CPU.ActiveCfg = Release|Any CPU
		{286FE9B8-A5A1-4A63-80C8-F516A00E810C}.Release|Any CPU.Build.0 = Release|Any CPU
	EndGlobalSection
	GlobalSection(SolutionProperties) = preSolution
		HideSolutionNode = FALSE
	EndGlobalSection
	GlobalSection(ExtensibilityGlobals) = postSolution
		SolutionGuid = {3E6C9CE5-E923-4C45-BE32-43893342D2A3}
	EndGlobalSection
EndGlobal
